PODS:
  - Charts (3.5.0):
    - Charts/Core (= 3.5.0)
  - Charts/Core (3.5.0)
  - CoreXLSX (0.10.0):
    - XMLCoder (~> 0.10.0)
    - ZIPFoundation (~> 0.9.11)
  - TinyConstraints (4.0.1)
  - XMLCoder (0.10.0)
  - ZIPFoundation (0.9.11)

DEPENDENCIES:
  - Charts
  - CoreXLSX (~> 0.10.0)
  - TinyConstraints

SPEC REPOS:
  trunk:
    - Charts
    - CoreXLSX
    - TinyConstraints
    - XMLCoder
    - ZIPFoundation

SPEC CHECKSUMS:
  Charts: 40a08591df1f8ad5c223ddedfb1a06da92f24f7c
  CoreXLSX: 879fcde77af992a36a04a0df84a713dc37aa4f35
  TinyConstraints: 8dd91295e56797648c7bc335dd20e1d91ec4c192
  XMLCoder: a4454e78a5cdf5b8eff5785c8e43e5b85315096b
  ZIPFoundation: b1f0de4eed33e74a676f76e12559ab6b75990197

PODFILE CHECKSUM: 0368497213cd879627b023e070d5a929e842fd4b

COCOAPODS: 1.9.3
